
Microsoft Visual Studio Solution File, Format Version 12.00
# Visual Studio 15
VisualStudioVersion = 15.0.27004.2002
MinimumVisualStudioVersion = 10.0.40219.1
Project("{FAE04EC0-301F-11D3-BF4B-00C04F79EFBC}") = "CSharpLibrary", "CSharpLibrary\CSharpLibrary.csproj", "{D4104F89-75A2-4767-A691-7585B0058AF0}"
EndProject
Project("{FAE04EC0-301F-11D3-BF4B-00C04F79EFBC}") = "0.01_Intro", "0.01_Intro\0.01_Intro.csproj", "{C83BEED2-B8B1-47C1-89ED-19CA97F251E4}"
EndProject
Project("{FAE04EC0-301F-11D3-BF4B-00C04F79EFBC}") = "0.02_BasicTypes", "0.02_BasicTypes\0.02_BasicTypes.csproj", "{199EA82D-8A45-4273-BFEE-43837D6C43A4}"
EndProject
Project("{FAE04EC0-301F-11D3-BF4B-00C04F79EFBC}") = "0.02_BasicTypesChallenges", "0.02_BasicTypesChallenges\0.02_BasicTypesChallenges.csproj", "{0D6A88BD-394D-4EE0-8726-3DAF901249EA}"
EndProject
Project("{FAE04EC0-301F-11D3-BF4B-00C04F79EFBC}") = "0.03_Strings", "0.03_Strings\0.03_Strings.csproj", "{00338B57-BF8A-4EE4-9C44-C85F1C00209C}"
EndProject
Project("{FAE04EC0-301F-11D3-BF4B-00C04F79EFBC}") = "0.03_StringsChallenges", "0.03_StringsChallenges\0.03_StringsChallenges.csproj", "{FED56405-E068-438E-A7F3-B91B0279C47B}"
EndProject
Project("{FAE04EC0-301F-11D3-BF4B-00C04F79EFBC}") = "0.04_ConditionalsChallenge", "0.04_ConditionalsChallenge\0.04_ConditionalsChallenge.csproj", "{5DDCF960-6D5B-481C-9938-8F68E71A83CD}"
EndProject
Project("{FAE04EC0-301F-11D3-BF4B-00C04F79EFBC}") = "0.04_ConditionalBankAccounts", "0.04_ConditionalBankAccounts\0.04_ConditionalBankAccounts.csproj", "{4B493EA8-A387-47D5-A8B0-C1BE4AD35793}"
EndProject
Global
	GlobalSection(SolutionConfigurationPlatforms) = preSolution
		Debug|Any CPU = Debug|Any CPU
		Release|Any CPU = Release|Any CPU
	EndGlobalSection
	GlobalSection(ProjectConfigurationPlatforms) = postSolution
		{D4104F89-75A2-4767-A691-7585B0058AF0}.Debug|Any CPU.ActiveCfg = Debug|Any CPU
		{D4104F89-75A2-4767-A691-7585B0058AF0}.Debug|Any CPU.Build.0 = Debug|Any CPU
		{D4104F89-75A2-4767-A691-7585B0058AF0}.Release|Any CPU.ActiveCfg = Release|Any CPU
		{D4104F89-75A2-4767-A691-7585B0058AF0}.Release|Any CPU.Build.0 = Release|Any CPU
		{C83BEED2-B8B1-47C1-89ED-19CA97F251E4}.Debug|Any CPU.ActiveCfg = Debug|Any CPU
		{C83BEED2-B8B1-47C1-89ED-19CA97F251E4}.Debug|Any CPU.Build.0 = Debug|Any CPU
		{C83BEED2-B8B1-47C1-89ED-19CA97F251E4}.Release|Any CPU.ActiveCfg = Release|Any CPU
		{C83BEED2-B8B1-47C1-89ED-19CA97F251E4}.Release|Any CPU.Build.0 = Release|Any CPU
		{199EA82D-8A45-4273-BFEE-43837D6C43A4}.Debug|Any CPU.ActiveCfg = Debug|Any CPU
		{199EA82D-8A45-4273-BFEE-43837D6C43A4}.Debug|Any CPU.Build.0 = Debug|Any CPU
		{199EA82D-8A45-4273-BFEE-43837D6C43A4}.Release|Any CPU.ActiveCfg = Release|Any CPU
		{199EA82D-8A45-4273-BFEE-43837D6C43A4}.Release|Any CPU.Build.0 = Release|Any CPU
		{0D6A88BD-394D-4EE0-8726-3DAF901249EA}.Debug|Any CPU.ActiveCfg = Debug|Any CPU
		{0D6A88BD-394D-4EE0-8726-3DAF901249EA}.Debug|Any CPU.Build.0 = Debug|Any CPU
		{0D6A88BD-394D-4EE0-8726-3DAF901249EA}.Release|Any CPU.ActiveCfg = Release|Any CPU
		{0D6A88BD-394D-4EE0-8726-3DAF901249EA}.Release|Any CPU.Build.0 = Release|Any CPU
		{00338B57-BF8A-4EE4-9C44-C85F1C00209C}.Debug|Any CPU.ActiveCfg = Debug|Any CPU
		{00338B57-BF8A-4EE4-9C44-C85F1C00209C}.Debug|Any CPU.Build.0 = Debug|Any CPU
		{00338B57-BF8A-4EE4-9C44-C85F1C00209C}.Release|Any CPU.ActiveCfg = Release|Any CPU
		{00338B57-BF8A-4EE4-9C44-C85F1C00209C}.Release|Any CPU.Build.0 = Release|Any CPU
		{FED56405-E068-438E-A7F3-B91B0279C47B}.Debug|Any CPU.ActiveCfg = Debug|Any CPU
		{FED56405-E068-438E-A7F3-B91B0279C47B}.Debug|Any CPU.Build.0 = Debug|Any CPU
		{FED56405-E068-438E-A7F3-B91B0279C47B}.Release|Any CPU.ActiveCfg = Release|Any CPU
		{FED56405-E068-438E-A7F3-B91B0279C47B}.Release|Any CPU.Build.0 = Release|Any CPU
		{5DDCF960-6D5B-481C-9938-8F68E71A83CD}.Debug|Any CPU.ActiveCfg = Debug|Any CPU
		{5DDCF960-6D5B-481C-9938-8F68E71A83CD}.Debug|Any CPU.Build.0 = Debug|Any CPU
		{5DDCF960-6D5B-481C-9938-8F68E71A83CD}.Release|Any CPU.ActiveCfg = Release|Any CPU
		{5DDCF960-6D5B-481C-9938-8F68E71A83CD}.Release|Any CPU.Build.0 = Release|Any CPU
		{4B493EA8-A387-47D5-A8B0-C1BE4AD35793}.Debug|Any CPU.ActiveCfg = Debug|Any CPU
		{4B493EA8-A387-47D5-A8B0-C1BE4AD35793}.Debug|Any CPU.Build.0 = Debug|Any CPU
		{4B493EA8-A387-47D5-A8B0-C1BE4AD35793}.Release|Any CPU.ActiveCfg = Release|Any CPU
		{4B493EA8-A387-47D5-A8B0-C1BE4AD35793}.Release|Any CPU.Build.0 = Release|Any CPU
	EndGlobalSection
	GlobalSection(SolutionProperties) = preSolution
		HideSolutionNode = FALSE
	EndGlobalSection
	GlobalSection(ExtensibilityGlobals) = postSolution
		SolutionGuid = {542804F9-0873-4C62-8824-7971AD671CE1}
	EndGlobalSection
EndGlobal
