
Microsoft Visual Studio Solution File, Format Version 12.00
# Visual Studio 15
VisualStudioVersion = 15.0.27004.2002
MinimumVisualStudioVersion = 10.0.40219.1
Project("{FAE04EC0-301F-11D3-BF4B-00C04F79EFBC}") = "CSharpLibrary", "CSharpLibrary\CSharpLibrary.csproj", "{D4104F89-75A2-4767-A691-7585B0058AF0}"
EndProject
Project("{FAE04EC0-301F-11D3-BF4B-00C04F79EFBC}") = "0.01_Intro", "0.01_Intro\0.01_Intro.csproj", "{C83BEED2-B8B1-47C1-89ED-19CA97F251E4}"
EndProject
Project("{FAE04EC0-301F-11D3-BF4B-00C04F79EFBC}") = "0.02_BasicTypes", "0.02_BasicTypes\0.02_BasicTypes.csproj", "{199EA82D-8A45-4273-BFEE-43837D6C43A4}"
EndProject
Project("{FAE04EC0-301F-11D3-BF4B-00C04F79EFBC}") = "0.02_BasicTypesChallenges", "0.02_BasicTypesChallenges\0.02_BasicTypesChallenges.csproj", "{0D6A88BD-394D-4EE0-8726-3DAF901249EA}"
EndProject
Project("{FAE04EC0-301F-11D3-BF4B-00C04F79EFBC}") = "0.03_Strings", "0.03_Strings\0.03_Strings.csproj", "{00338B57-BF8A-4EE4-9C44-C85F1C00209C}"
EndProject
Project("{FAE04EC0-301F-11D3-BF4B-00C04F79EFBC}") = "0.03_StringsChallenges", "0.03_StringsChallenges\0.03_StringsChallenges.csproj", "{FED56405-E068-438E-A7F3-B91B0279C47B}"
EndProject
Project("{FAE04EC0-301F-11D3-BF4B-00C04F79EFBC}") = "0.04_ConditionalsChallenge", "0.04_ConditionalsChallenge\0.04_ConditionalsChallenge.csproj", "{5DDCF960-6D5B-481C-9938-8F68E71A83CD}"
EndProject
Project("{FAE04EC0-301F-11D3-BF4B-00C04F79EFBC}") = "0.04_ConditionalBankAccounts", "0.04_ConditionalBankAccounts\0.04_ConditionalBankAccounts.csproj", "{4B493EA8-A387-47D5-A8B0-C1BE4AD35793}"
EndProject
Project("{FAE04EC0-301F-11D3-BF4B-00C04F79EFBC}") = "0.04_ConditionalsBankWithConversion", "0.04_ConditionalsBankWithConversion\0.04_ConditionalsBankWithConversion.csproj", "{EF647970-BD7B-40F8-91C6-0E5C16FD4DE4}"
EndProject
Project("{FAE04EC0-301F-11D3-BF4B-00C04F79EFBC}") = "0.05_Switchs", "0.05_Switchs\0.05_Switchs.csproj", "{6A598A5E-C7FD-4808-8EAD-01CF41447051}"
EndProject
Project("{FAE04EC0-301F-11D3-BF4B-00C04F79EFBC}") = "0.05_Loops", "0.05_Loops\0.05_Loops.csproj", "{B955B500-7674-4D5B-A49A-D3BE60A401C0}"
EndProject
Project("{FAE04EC0-301F-11D3-BF4B-00C04F79EFBC}") = "0.05_LoopChallenge", "0.05_LoopChallenge\0.05_LoopChallenge.csproj", "{870669EB-68F0-4F45-AF5B-16A3542C1011}"
EndProject
Project("{FAE04EC0-301F-11D3-BF4B-00C04F79EFBC}") = "0.07_Objects", "0.07_Objects\0.07_Objects.csproj", "{6AF33070-F676-4D9F-ABB2-8ECE5F3484FE}"
EndProject
Project("{FAE04EC0-301F-11D3-BF4B-00C04F79EFBC}") = "0.07_ObjectsChallenges", "0.07_ObjectsChallenges\0.07_ObjectsChallenges.csproj", "{91893F2C-23B0-4126-823F-24AE6460A1CE}"
EndProject
Project("{FAE04EC0-301F-11D3-BF4B-00C04F79EFBC}") = "0.08_ArrayChallenge", "0.08_ArrayChallenge\0.08_ArrayChallenge.csproj", "{D0884D3D-7304-4138-B509-3515EC568BF1}"
EndProject
Project("{FAE04EC0-301F-11D3-BF4B-00C04F79EFBC}") = "0.09_CollectionDictionaries", "0.09_CollectionDictionaries\0.09_CollectionDictionaries.csproj", "{E5997094-20B0-43CB-906B-7E54C1611A82}"
EndProject
Global
	GlobalSection(SolutionConfigurationPlatforms) = preSolution
		Debug|Any CPU = Debug|Any CPU
		Release|Any CPU = Release|Any CPU
	EndGlobalSection
	GlobalSection(ProjectConfigurationPlatforms) = postSolution
		{D4104F89-75A2-4767-A691-7585B0058AF0}.Debug|Any CPU.ActiveCfg = Debug|Any CPU
		{D4104F89-75A2-4767-A691-7585B0058AF0}.Debug|Any CPU.Build.0 = Debug|Any CPU
		{D4104F89-75A2-4767-A691-7585B0058AF0}.Release|Any CPU.ActiveCfg = Release|Any CPU
		{D4104F89-75A2-4767-A691-7585B0058AF0}.Release|Any CPU.Build.0 = Release|Any CPU
		{C83BEED2-B8B1-47C1-89ED-19CA97F251E4}.Debug|Any CPU.ActiveCfg = Debug|Any CPU
		{C83BEED2-B8B1-47C1-89ED-19CA97F251E4}.Debug|Any CPU.Build.0 = Debug|Any CPU
		{C83BEED2-B8B1-47C1-89ED-19CA97F251E4}.Release|Any CPU.ActiveCfg = Release|Any CPU
		{C83BEED2-B8B1-47C1-89ED-19CA97F251E4}.Release|Any CPU.Build.0 = Release|Any CPU
		{199EA82D-8A45-4273-BFEE-43837D6C43A4}.Debug|Any CPU.ActiveCfg = Debug|Any CPU
		{199EA82D-8A45-4273-BFEE-43837D6C43A4}.Debug|Any CPU.Build.0 = Debug|Any CPU
		{199EA82D-8A45-4273-BFEE-43837D6C43A4}.Release|Any CPU.ActiveCfg = Release|Any CPU
		{199EA82D-8A45-4273-BFEE-43837D6C43A4}.Release|Any CPU.Build.0 = Release|Any CPU
		{0D6A88BD-394D-4EE0-8726-3DAF901249EA}.Debug|Any CPU.ActiveCfg = Debug|Any CPU
		{0D6A88BD-394D-4EE0-8726-3DAF901249EA}.Debug|Any CPU.Build.0 = Debug|Any CPU
		{0D6A88BD-394D-4EE0-8726-3DAF901249EA}.Release|Any CPU.ActiveCfg = Release|Any CPU
		{0D6A88BD-394D-4EE0-8726-3DAF901249EA}.Release|Any CPU.Build.0 = Release|Any CPU
		{00338B57-BF8A-4EE4-9C44-C85F1C00209C}.Debug|Any CPU.ActiveCfg = Debug|Any CPU
		{00338B57-BF8A-4EE4-9C44-C85F1C00209C}.Debug|Any CPU.Build.0 = Debug|Any CPU
		{00338B57-BF8A-4EE4-9C44-C85F1C00209C}.Release|Any CPU.ActiveCfg = Release|Any CPU
		{00338B57-BF8A-4EE4-9C44-C85F1C00209C}.Release|Any CPU.Build.0 = Release|Any CPU
		{FED56405-E068-438E-A7F3-B91B0279C47B}.Debug|Any CPU.ActiveCfg = Debug|Any CPU
		{FED56405-E068-438E-A7F3-B91B0279C47B}.Debug|Any CPU.Build.0 = Debug|Any CPU
		{FED56405-E068-438E-A7F3-B91B0279C47B}.Release|Any CPU.ActiveCfg = Release|Any CPU
		{FED56405-E068-438E-A7F3-B91B0279C47B}.Release|Any CPU.Build.0 = Release|Any CPU
		{5DDCF960-6D5B-481C-9938-8F68E71A83CD}.Debug|Any CPU.ActiveCfg = Debug|Any CPU
		{5DDCF960-6D5B-481C-9938-8F68E71A83CD}.Debug|Any CPU.Build.0 = Debug|Any CPU
		{5DDCF960-6D5B-481C-9938-8F68E71A83CD}.Release|Any CPU.ActiveCfg = Release|Any CPU
		{5DDCF960-6D5B-481C-9938-8F68E71A83CD}.Release|Any CPU.Build.0 = Release|Any CPU
		{4B493EA8-A387-47D5-A8B0-C1BE4AD35793}.Debug|Any CPU.ActiveCfg = Debug|Any CPU
		{4B493EA8-A387-47D5-A8B0-C1BE4AD35793}.Debug|Any CPU.Build.0 = Debug|Any CPU
		{4B493EA8-A387-47D5-A8B0-C1BE4AD35793}.Release|Any CPU.ActiveCfg = Release|Any CPU
		{4B493EA8-A387-47D5-A8B0-C1BE4AD35793}.Release|Any CPU.Build.0 = Release|Any CPU
		{EF647970-BD7B-40F8-91C6-0E5C16FD4DE4}.Debug|Any CPU.ActiveCfg = Debug|Any CPU
		{EF647970-BD7B-40F8-91C6-0E5C16FD4DE4}.Debug|Any CPU.Build.0 = Debug|Any CPU
		{EF647970-BD7B-40F8-91C6-0E5C16FD4DE4}.Release|Any CPU.ActiveCfg = Release|Any CPU
		{EF647970-BD7B-40F8-91C6-0E5C16FD4DE4}.Release|Any CPU.Build.0 = Release|Any CPU
		{6A598A5E-C7FD-4808-8EAD-01CF41447051}.Debug|Any CPU.ActiveCfg = Debug|Any CPU
		{6A598A5E-C7FD-4808-8EAD-01CF41447051}.Debug|Any CPU.Build.0 = Debug|Any CPU
		{6A598A5E-C7FD-4808-8EAD-01CF41447051}.Release|Any CPU.ActiveCfg = Release|Any CPU
		{6A598A5E-C7FD-4808-8EAD-01CF41447051}.Release|Any CPU.Build.0 = Release|Any CPU
		{B955B500-7674-4D5B-A49A-D3BE60A401C0}.Debug|Any CPU.ActiveCfg = Debug|Any CPU
		{B955B500-7674-4D5B-A49A-D3BE60A401C0}.Debug|Any CPU.Build.0 = Debug|Any CPU
		{B955B500-7674-4D5B-A49A-D3BE60A401C0}.Release|Any CPU.ActiveCfg = Release|Any CPU
		{B955B500-7674-4D5B-A49A-D3BE60A401C0}.Release|Any CPU.Build.0 = Release|Any CPU
		{870669EB-68F0-4F45-AF5B-16A3542C1011}.Debug|Any CPU.ActiveCfg = Debug|Any CPU
		{870669EB-68F0-4F45-AF5B-16A3542C1011}.Debug|Any CPU.Build.0 = Debug|Any CPU
		{870669EB-68F0-4F45-AF5B-16A3542C1011}.Release|Any CPU.ActiveCfg = Release|Any CPU
		{870669EB-68F0-4F45-AF5B-16A3542C1011}.Release|Any CPU.Build.0 = Release|Any CPU
		{6AF33070-F676-4D9F-ABB2-8ECE5F3484FE}.Debug|Any CPU.ActiveCfg = Debug|Any CPU
		{6AF33070-F676-4D9F-ABB2-8ECE5F3484FE}.Debug|Any CPU.Build.0 = Debug|Any CPU
		{6AF33070-F676-4D9F-ABB2-8ECE5F3484FE}.Release|Any CPU.ActiveCfg = Release|Any CPU
		{6AF33070-F676-4D9F-ABB2-8ECE5F3484FE}.Release|Any CPU.Build.0 = Release|Any CPU
		{91893F2C-23B0-4126-823F-24AE6460A1CE}.Debug|Any CPU.ActiveCfg = Debug|Any CPU
		{91893F2C-23B0-4126-823F-24AE6460A1CE}.Debug|Any CPU.Build.0 = Debug|Any CPU
		{91893F2C-23B0-4126-823F-24AE6460A1CE}.Release|Any CPU.ActiveCfg = Release|Any CPU
		{91893F2C-23B0-4126-823F-24AE6460A1CE}.Release|Any CPU.Build.0 = Release|Any CPU
		{D0884D3D-7304-4138-B509-3515EC568BF1}.Debug|Any CPU.ActiveCfg = Debug|Any CPU
		{D0884D3D-7304-4138-B509-3515EC568BF1}.Debug|Any CPU.Build.0 = Debug|Any CPU
		{D0884D3D-7304-4138-B509-3515EC568BF1}.Release|Any CPU.ActiveCfg = Release|Any CPU
		{D0884D3D-7304-4138-B509-3515EC568BF1}.Release|Any CPU.Build.0 = Release|Any CPU
		{E5997094-20B0-43CB-906B-7E54C1611A82}.Debug|Any CPU.ActiveCfg = Debug|Any CPU
		{E5997094-20B0-43CB-906B-7E54C1611A82}.Debug|Any CPU.Build.0 = Debug|Any CPU
		{E5997094-20B0-43CB-906B-7E54C1611A82}.Release|Any CPU.ActiveCfg = Release|Any CPU
		{E5997094-20B0-43CB-906B-7E54C1611A82}.Release|Any CPU.Build.0 = Release|Any CPU
	EndGlobalSection
	GlobalSection(SolutionProperties) = preSolution
		HideSolutionNode = FALSE
	EndGlobalSection
	GlobalSection(ExtensibilityGlobals) = postSolution
		SolutionGuid = {542804F9-0873-4C62-8824-7971AD671CE1}
	EndGlobalSection
EndGlobal
